
Microsoft Visual Studio Solution File, Format Version 12.00
# Visual Studio Version 17
VisualStudioVersion = 17.4.33103.184
MinimumVisualStudioVersion = 10.0.40219.1
Project("{FAE04EC0-301F-11D3-BF4B-00C04F79EFBC}") = "DoubleCraneLineBot", "DoubleCraneLineBot.csproj", "{7E2133D1-8783-4D48-8FC9-7145AEB1F16F}"
EndProject
Global
	GlobalSection(SolutionConfigurationPlatforms) = preSolution
		Debug|Any CPU = Debug|Any CPU
		Release|Any CPU = Release|Any CPU
	EndGlobalSection
	GlobalSection(ProjectConfigurationPlatforms) = postSolution
		{7E2133D1-8783-4D48-8FC9-7145AEB1F16F}.Debug|Any CPU.ActiveCfg = Debug|Any CPU
		{7E2133D1-8783-4D48-8FC9-7145AEB1F16F}.Debug|Any CPU.Build.0 = Debug|Any CPU
		{7E2133D1-8783-4D48-8FC9-7145AEB1F16F}.Release|Any CPU.ActiveCfg = Release|Any CPU
		{7E2133D1-8783-4D48-8FC9-7145AEB1F16F}.Release|Any CPU.Build.0 = Release|Any CPU
	EndGlobalSection
	GlobalSection(SolutionProperties) = preSolution
		HideSolutionNode = FALSE
	EndGlobalSection
	GlobalSection(ExtensibilityGlobals) = postSolution
		SolutionGuid = {8EB62745-3D96-47E6-8E23-9EDBB1143C40}
	EndGlobalSection
EndGlobal
